
Microsoft Visual Studio Solution File, Format Version 12.00
# Visual Studio 15
VisualStudioVersion = 15.0.28010.2019
MinimumVisualStudioVersion = 10.0.40219.1
Project("{FAE04EC0-301F-11D3-BF4B-00C04F79EFBC}") = "Git", "Git\Git.csproj", "{1CD5A0FE-E817-416B-9440-1342E0490E87}"
EndProject
Global
	GlobalSection(SolutionConfigurationPlatforms) = preSolution
		Debug|Any CPU = Debug|Any CPU
		Release|Any CPU = Release|Any CPU
	EndGlobalSection
	GlobalSection(ProjectConfigurationPlatforms) = postSolution
		{1CD5A0FE-E817-416B-9440-1342E0490E87}.Debug|Any CPU.ActiveCfg = Debug|Any CPU
		{1CD5A0FE-E817-416B-9440-1342E0490E87}.Debug|Any CPU.Build.0 = Debug|Any CPU
		{1CD5A0FE-E817-416B-9440-1342E0490E87}.Release|Any CPU.ActiveCfg = Release|Any CPU
		{1CD5A0FE-E817-416B-9440-1342E0490E87}.Release|Any CPU.Build.0 = Release|Any CPU
	EndGlobalSection
	GlobalSection(SolutionProperties) = preSolution
		HideSolutionNode = FALSE
	EndGlobalSection
	GlobalSection(ExtensibilityGlobals) = postSolution
		SolutionGuid = {1A1A16DA-206E-49D6-9012-831C675E3E36}
	EndGlobalSection
EndGlobal
